# THIS IS AN AUTOGENERATED FILE. DO NOT EDIT THIS FILE DIRECTLY.
# yarn lockfile v1


"@fortawesome/fontawesome-free-webfonts@^1.0.4":
  version "1.0.4"
  resolved "https://registry.yarnpkg.com/@fortawesome/fontawesome-free-webfonts/-/fontawesome-free-webfonts-1.0.4.tgz#bac5d89755bf3bc2d2b4deee47d92febf641bb1f"

purecss@^1.0.0:
  version "1.0.0"
  resolved "https://registry.yarnpkg.com/purecss/-/purecss-1.0.0.tgz#3dbcd9e2a7592448a69acb705cce16311bf4b785"
